<?xml version="1.0" encoding="UTF-8" standalone="yes" ?>
<CodeBlocks_project_file>
	<FileVersion major="1" minor="6" />
	<Project>
		<Option title="Simulation" />
		<Option pch_mode="2" />
		<Option compiler="gcc" />
		<Build>
			<Target title="Debug">
				<Option output="bin/Debug/Simulation" prefix_auto="1" extension_auto="1" />
				<Option object_output="obj/Debug/" />
				<Option type="0" />
				<Option compiler="gcc" />
				<Option projectLinkerOptionsRelation="2" />
				<Compiler>
					<Add option="-g" />
				</Compiler>
			</Target>
			<Target title="Release">
				<Option output="bin/Release/Simulation" prefix_auto="1" extension_auto="1" />
				<Option object_output="obj/Release/" />
				<Option type="0" />
				<Option compiler="gcc" />
				<Option projectLinkerOptionsRelation="2" />
				<Compiler>
					<Add option="-O2" />
				</Compiler>
				<Linker>
					<Add option="-s" />
				</Linker>
			</Target>
		</Build>
		<Compiler>
			<Add option="`wx-config --cflags`" />
			<Add option="-Wall" />
		</Compiler>
		<Linker>
			<Add option="`wx-config --libs`" />
		</Linker>
		<Unit filename="Living/Dinosaur.cpp" />
		<Unit filename="Living/Dinosaur.h" />
		<Unit filename="Living/Etayrannus.cpp" />
		<Unit filename="Living/Etayrannus.h" />
		<Unit filename="Living/T_Rex.cpp" />
		<Unit filename="Living/T_Rex.h" />
		<Unit filename="Living/Velociraptor.cpp" />
		<Unit filename="MainMenu.cpp" />
		<Unit filename="MainMenu.h" />
		<Unit filename="Nonliving/Meteorite.cpp" />
		<Unit filename="Nonliving/Meteorite.h" />
		<Unit filename="Nonliving/Rock.cpp" />
		<Unit filename="Nonliving/Rock.h" />
		<Unit filename="SimulationApp.cpp" />
		<Unit filename="SimulationMain.cpp" />
		<Unit filename="SimulationMain.h" />
		<Unit filename="wxsmith/Simulationframe.wxs" />
		<Extensions>
			<code_completion />
			<envvars />
			<wxsmith version="1">
				<gui name="wxWidgets" src="SimulationApp.cpp" main="SimulationFrame" init_handlers="necessary" language="CPP" />
				<resources>
					<wxFrame wxs="wxsmith/Simulationframe.wxs" src="SimulationMain.cpp" hdr="SimulationMain.h" fwddecl="0" i18n="1" name="SimulationFrame" language="CPP" />
				</resources>
			</wxsmith>
			<lib_finder disable_auto="1" />
			<debugger />
		</Extensions>
	</Project>
</CodeBlocks_project_file>
